
Microsoft Visual Studio Solution File, Format Version 12.00
# Visual Studio 15
VisualStudioVersion = 15.0.26730.0
MinimumVisualStudioVersion = 10.0.40219.1
Project("{E24C65DC-7377-472B-9ABA-BC803B73C61A}") = "WebSite_Farzat", ".", "{BA7A7C02-64DC-461E-A99A-252593362E3E}"
	ProjectSection(WebsiteProperties) = preProject
		TargetFrameworkMoniker = ".NETFramework,Version%3Dv4.0"
		Debug.AspNetCompiler.VirtualPath = "/localhost_49871"
		Debug.AspNetCompiler.PhysicalPath = "..\WebSite_Farzat\"
		Debug.AspNetCompiler.TargetPath = "PrecompiledWeb\localhost_49871\"
		Debug.AspNetCompiler.Updateable = "true"
		Debug.AspNetCompiler.ForceOverwrite = "true"
		Debug.AspNetCompiler.FixedNames = "false"
		Debug.AspNetCompiler.Debug = "True"
		Release.AspNetCompiler.VirtualPath = "/localhost_49871"
		Release.AspNetCompiler.PhysicalPath = "..\WebSite_Farzat\"
		Release.AspNetCompiler.TargetPath = "PrecompiledWeb\localhost_49871\"
		Release.AspNetCompiler.Updateable = "true"
		Release.AspNetCompiler.ForceOverwrite = "true"
		Release.AspNetCompiler.FixedNames = "false"
		Release.AspNetCompiler.Debug = "False"
		VWDPort = "49871"
		SlnRelativePath = "..\WebSite_Farzat\"
	EndProjectSection
EndProject
Global
	GlobalSection(SolutionConfigurationPlatforms) = preSolution
		Debug|Any CPU = Debug|Any CPU
	EndGlobalSection
	GlobalSection(ProjectConfigurationPlatforms) = postSolution
		{BA7A7C02-64DC-461E-A99A-252593362E3E}.Debug|Any CPU.ActiveCfg = Debug|Any CPU
		{BA7A7C02-64DC-461E-A99A-252593362E3E}.Debug|Any CPU.Build.0 = Debug|Any CPU
	EndGlobalSection
	GlobalSection(SolutionProperties) = preSolution
		HideSolutionNode = FALSE
	EndGlobalSection
	GlobalSection(ExtensibilityGlobals) = postSolution
		SolutionGuid = {26DADC7D-7228-47C8-A9E9-5CEA9E049D7D}
	EndGlobalSection
EndGlobal
